{
  "name": "prisma-generator-types",
  "version": "1.0.0",
  "lockfileVersion": 3,
  "requires": true,
  "packages": {
    "": {
      "name": "prisma-generator-types",
      "version": "1.0.0",
      "license": "ISC",
      "dependencies": {
        "@prisma/generator-helper": "^5.9.1"
      },
      "devDependencies": {
        "@prisma/client": "^5.9.1",
        "@types/node": "^20.11.17",
        "prettier": "^3.2.5",
        "prisma": "^5.9.1",
        "typescript": "^5.3.3"
      }
    },
    "node_modules/@prisma/client": {
      "version": "5.9.1",
      "resolved": "https://registry.npmjs.org/@prisma/client/-/client-5.9.1.tgz",
      "integrity": "sha512-caSOnG4kxcSkhqC/2ShV7rEoWwd3XrftokxJqOCMVvia4NYV/TPtJlS9C2os3Igxw/Qyxumj9GBQzcStzECvtQ==",
      "dev": true,
      "hasInstallScript": true,
      "engines": {
        "node": ">=16.13"
      },
      "peerDependencies": {
        "prisma": "*"
      },
      "peerDependenciesMeta": {
        "prisma": {
          "optional": true
        }
      }
    },
    "node_modules/@prisma/debug": {
      "version": "5.9.1",
      "resolved": "https://registry.npmjs.org/@prisma/debug/-/debug-5.9.1.tgz",
      "integrity": "sha512-yAHFSFCg8KVoL0oRUno3m60GAjsUKYUDkQ+9BA2X2JfVR3kRVSJFc/GpQ2fSORi4pSHZR9orfM4UC9OVXIFFTA=="
    },
    "node_modules/@prisma/engines": {
      "version": "5.9.1",
      "resolved": "https://registry.npmjs.org/@prisma/engines/-/engines-5.9.1.tgz",
      "integrity": "sha512-gkdXmjxQ5jktxWNdDA5aZZ6R8rH74JkoKq6LD5mACSvxd2vbqWeWIOV0Py5wFC8vofOYShbt6XUeCIUmrOzOnQ==",
      "dev": true,
      "hasInstallScript": true,
      "dependencies": {
        "@prisma/debug": "5.9.1",
        "@prisma/engines-version": "5.9.0-32.23fdc5965b1e05fc54e5f26ed3de66776b93de64",
        "@prisma/fetch-engine": "5.9.1",
        "@prisma/get-platform": "5.9.1"
      }
    },
    "node_modules/@prisma/engines-version": {
      "version": "5.9.0-32.23fdc5965b1e05fc54e5f26ed3de66776b93de64",
      "resolved": "https://registry.npmjs.org/@prisma/engines-version/-/engines-version-5.9.0-32.23fdc5965b1e05fc54e5f26ed3de66776b93de64.tgz",
      "integrity": "sha512-HFl7275yF0FWbdcNvcSRbbu9JCBSLMcurYwvWc8WGDnpu7APxQo2ONtZrUggU3WxLxUJ2uBX+0GOFIcJeVeOOQ==",
      "dev": true
    },
    "node_modules/@prisma/fetch-engine": {
      "version": "5.9.1",
      "resolved": "https://registry.npmjs.org/@prisma/fetch-engine/-/fetch-engine-5.9.1.tgz",
      "integrity": "sha512-l0goQOMcNVOJs1kAcwqpKq3ylvkD9F04Ioe1oJoCqmz05mw22bNAKKGWuDd3zTUoUZr97va0c/UfLNru+PDmNA==",
      "dev": true,
      "dependencies": {
        "@prisma/debug": "5.9.1",
        "@prisma/engines-version": "5.9.0-32.23fdc5965b1e05fc54e5f26ed3de66776b93de64",
        "@prisma/get-platform": "5.9.1"
      }
    },
    "node_modules/@prisma/generator-helper": {
      "version": "5.9.1",
      "resolved": "https://registry.npmjs.org/@prisma/generator-helper/-/generator-helper-5.9.1.tgz",
      "integrity": "sha512-WMdEUPpPYxUGruRQM6e6IVTWXFjt1hHdF/m2TO7pWxhPo7/ZeoTOF9fH8JsvVSV78DYLOQkx9osjFLXZu447Kw==",
      "dependencies": {
        "@prisma/debug": "5.9.1"
      }
    },
    "node_modules/@prisma/get-platform": {
      "version": "5.9.1",
      "resolved": "https://registry.npmjs.org/@prisma/get-platform/-/get-platform-5.9.1.tgz",
      "integrity": "sha512-6OQsNxTyhvG+T2Ksr8FPFpuPeL4r9u0JF0OZHUBI/Uy9SS43sPyAIutt4ZEAyqWQt104ERh70EZedkHZKsnNbg==",
      "dev": true,
      "dependencies": {
        "@prisma/debug": "5.9.1"
      }
    },
    "node_modules/@types/node": {
      "version": "20.11.17",
      "resolved": "https://registry.npmjs.org/@types/node/-/node-20.11.17.tgz",
      "integrity": "sha512-QmgQZGWu1Yw9TDyAP9ZzpFJKynYNeOvwMJmaxABfieQoVoiVOS6MN1WSpqpRcbeA5+RW82kraAVxCCJg+780Qw==",
      "dev": true,
      "dependencies": {
        "undici-types": "~5.26.4"
      }
    },
    "node_modules/prettier": {
      "version": "3.2.5",
      "resolved": "https://registry.npmjs.org/prettier/-/prettier-3.2.5.tgz",
      "integrity": "sha512-3/GWa9aOC0YeD7LUfvOG2NiDyhOWRvt1k+rcKhOuYnMY24iiCphgneUfJDyFXd6rZCAnuLBv6UeAULtrhT/F4A==",
      "dev": true,
      "bin": {
        "prettier": "bin/prettier.cjs"
      },
      "engines": {
        "node": ">=14"
      },
      "funding": {
        "url": "https://github.com/prettier/prettier?sponsor=1"
      }
    },
    "node_modules/prisma": {
      "version": "5.9.1",
      "resolved": "https://registry.npmjs.org/prisma/-/prisma-5.9.1.tgz",
      "integrity": "sha512-Hy/8KJZz0ELtkw4FnG9MS9rNWlXcJhf98Z2QMqi0QiVMoS8PzsBkpla0/Y5hTlob8F3HeECYphBjqmBxrluUrQ==",
      "dev": true,
      "hasInstallScript": true,
      "dependencies": {
        "@prisma/engines": "5.9.1"
      },
      "bin": {
        "prisma": "build/index.js"
      },
      "engines": {
        "node": ">=16.13"
      }
    },
    "node_modules/typescript": {
      "version": "5.3.3",
      "resolved": "https://registry.npmjs.org/typescript/-/typescript-5.3.3.tgz",
      "integrity": "sha512-pXWcraxM0uxAS+tN0AG/BF2TyqmHO014Z070UsJ+pFvYuRSq8KH8DmWpnbXe0pEPDHXZV3FcAbJkijJ5oNEnWw==",
      "dev": true,
      "bin": {
        "tsc": "bin/tsc",
        "tsserver": "bin/tsserver"
      },
      "engines": {
        "node": ">=14.17"
      }
    },
    "node_modules/undici-types": {
      "version": "5.26.5",
      "resolved": "https://registry.npmjs.org/undici-types/-/undici-types-5.26.5.tgz",
      "integrity": "sha512-JlCMO+ehdEIKqlFxk6IfVoAUVmgz7cU7zD/h9XZ0qzeosSHmUJVOzSQvvYSYWXkFXC+IfLKSIffhv0sVZup6pA==",
      "dev": true
    }
  }
}
